
Microsoft Visual Studio Solution File, Format Version 12.00
# Visual Studio 15
VisualStudioVersion = 15.0.28307.779
MinimumVisualStudioVersion = 10.0.40219.1
Project("{888888A0-9F3D-457C-B088-3A5042F75D52}") = "PythonApp w9 Mand", "PythonApp w9 Mand\PythonApp w9 Mand.pyproj", "{944263CB-4E1F-4D93-B4F7-C8677DFC7B42}"
EndProject
Global
	GlobalSection(SolutionConfigurationPlatforms) = preSolution
		Debug|Any CPU = Debug|Any CPU
		Release|Any CPU = Release|Any CPU
	EndGlobalSection
	GlobalSection(ProjectConfigurationPlatforms) = postSolution
		{944263CB-4E1F-4D93-B4F7-C8677DFC7B42}.Debug|Any CPU.ActiveCfg = Debug|Any CPU
		{944263CB-4E1F-4D93-B4F7-C8677DFC7B42}.Release|Any CPU.ActiveCfg = Release|Any CPU
	EndGlobalSection
	GlobalSection(SolutionProperties) = preSolution
		HideSolutionNode = FALSE
	EndGlobalSection
	GlobalSection(ExtensibilityGlobals) = postSolution
		SolutionGuid = {FF375DC5-D913-48F7-A45C-A4A8FE7C88B1}
	EndGlobalSection
EndGlobal
